("quicklisp" .
 (:class qlot.source.ql:source-ql-all
  :initargs (:project-name "quicklisp" :%version :latest)
  :version "2017-12-27"))
("ps-experiment" .
 (:class qlot.source.github:source-github
  :initargs (:project-name "ps-experiment" :repos "eshamster/ps-experiment" :ref nil :branch nil :tag nil)
  :version "github-432790dc240b8c898ed26d25682df1b10da84a99"
  :repos "eshamster/ps-experiment"
  :url "https://github.com/eshamster/ps-experiment/archive/432790dc240b8c898ed26d25682df1b10da84a99.tar.gz"
  :ref "432790dc240b8c898ed26d25682df1b10da84a99"))
("cl-ps-ecs" .
 (:class qlot.source.github:source-github
  :initargs (:project-name "cl-ps-ecs" :repos "eshamster/cl-ps-ecs" :ref nil :branch nil :tag nil)
  :version "github-f6a6da09d44fa0c37d7435f1b2cba1834b4367f1"
  :repos "eshamster/cl-ps-ecs"
  :url "https://github.com/eshamster/cl-ps-ecs/archive/f6a6da09d44fa0c37d7435f1b2cba1834b4367f1.tar.gz"
  :ref "f6a6da09d44fa0c37d7435f1b2cba1834b4367f1"))
("cl-web-2d-game" .
 (:class qlot.source.github:source-github
  :initargs (:project-name "cl-web-2d-game" :repos "eshamster/cl-web-2d-game" :ref nil :branch nil :tag nil)
  :version "github-44bcc90ad075fad3fc0ab5123aa7287f901799ad"
  :repos "eshamster/cl-web-2d-game"
  :url "https://github.com/eshamster/cl-web-2d-game/archive/44bcc90ad075fad3fc0ab5123aa7287f901799ad.tar.gz"
  :ref "44bcc90ad075fad3fc0ab5123aa7287f901799ad"))
