("quicklisp" .
 (:class qlot.source.ql:source-ql-all
  :initargs (:project-name "quicklisp" :%version :latest)
  :version "2017-12-27"))
("ps-experiment" .
 (:class qlot.source.github:source-github
  :initargs (:project-name "ps-experiment" :repos "eshamster/ps-experiment" :ref nil :branch nil :tag nil)
  :version "github-432790dc240b8c898ed26d25682df1b10da84a99"
  :repos "eshamster/ps-experiment"
  :url "https://github.com/eshamster/ps-experiment/archive/432790dc240b8c898ed26d25682df1b10da84a99.tar.gz"
  :ref "432790dc240b8c898ed26d25682df1b10da84a99"))
("cl-ps-ecs" .
 (:class qlot.source.github:source-github
  :initargs (:project-name "cl-ps-ecs" :repos "eshamster/cl-ps-ecs" :ref nil :branch nil :tag nil)
  :version "github-d2b50018d7b134c7856f576ca144adff9abc8ecd"
  :repos "eshamster/cl-ps-ecs"
  :url "https://github.com/eshamster/cl-ps-ecs/archive/d2b50018d7b134c7856f576ca144adff9abc8ecd.tar.gz"
  :ref "d2b50018d7b134c7856f576ca144adff9abc8ecd"))
("cl-web-2d-game" .
 (:class qlot.source.github:source-github
  :initargs (:project-name "cl-web-2d-game" :repos "eshamster/cl-web-2d-game" :ref nil :branch nil :tag nil)
  :version "github-8ae2dec9c3ab1e99817e1d1ef4f797a110d51764"
  :repos "eshamster/cl-web-2d-game"
  :url "https://github.com/eshamster/cl-web-2d-game/archive/8ae2dec9c3ab1e99817e1d1ef4f797a110d51764.tar.gz"
  :ref "8ae2dec9c3ab1e99817e1d1ef4f797a110d51764"))
