("quicklisp" .
 (:class qlot.source.ql:source-ql-all
  :initargs (:distribution "http://beta.quicklisp.org/dist/quicklisp.txt" :%version :latest)
  :version "2019-08-13"))
("ps-experiment" .
 (:class qlot.source.github:source-github
  :initargs (:project-name "ps-experiment" :repos "eshamster/ps-experiment" :ref nil :branch nil :tag nil)
  :version "github-ede4f0ade50a125c3524b138e561ed9e9830dd03"
  :repos "eshamster/ps-experiment"
  :url "https://github.com/eshamster/ps-experiment/archive/ede4f0ade50a125c3524b138e561ed9e9830dd03.tar.gz"
  :ref "ede4f0ade50a125c3524b138e561ed9e9830dd03"))
("cl-ps-ecs" .
 (:class qlot.source.github:source-github
  :initargs (:project-name "cl-ps-ecs" :repos "eshamster/cl-ps-ecs" :ref nil :branch nil :tag nil)
  :version "github-16400d8b883dcf00fcd0d4a093974e6f15bb7eb7"
  :repos "eshamster/cl-ps-ecs"
  :url "https://github.com/eshamster/cl-ps-ecs/archive/16400d8b883dcf00fcd0d4a093974e6f15bb7eb7.tar.gz"
  :ref "16400d8b883dcf00fcd0d4a093974e6f15bb7eb7"))
("cl-web-2d-game" .
 (:class qlot.source.github:source-github
  :initargs (:project-name "cl-web-2d-game" :repos "eshamster/cl-web-2d-game" :ref nil :branch nil :tag nil)
  :version "github-f92e0bf102d05a262aff68bb59530ec573ec68ae"
  :repos "eshamster/cl-web-2d-game"
  :url "https://github.com/eshamster/cl-web-2d-game/archive/f92e0bf102d05a262aff68bb59530ec573ec68ae.tar.gz"
  :ref "f92e0bf102d05a262aff68bb59530ec573ec68ae"))
